# This file is automatically @generated by Poetry and should not be changed by hand.

[[package]]
name = "altgraph"
version = "0.17.3"
description = "Python graph (network) package"
category = "dev"
optional = false
python-versions = "*"
files = [
    {file = "altgraph-0.17.3-py2.py3-none-any.whl", hash = "sha256:c8ac1ca6772207179ed8003ce7687757c04b0b71536f81e2ac5755c6226458fe"},
    {file = "altgraph-0.17.3.tar.gz", hash = "sha256:ad33358114df7c9416cdb8fa1eaa5852166c505118717021c6a8c7c7abbd03dd"},
]

[[package]]
name = "attrs"
version = "22.2.0"
description = "Classes Without Boilerplate"
category = "dev"
optional = false
python-versions = ">=3.6"
files = [
    {file = "attrs-22.2.0-py3-none-any.whl", hash = "sha256:29e95c7f6778868dbd49170f98f8818f78f3dc5e0e37c0b1f474e3561b240836"},
    {file = "attrs-22.2.0.tar.gz", hash = "sha256:c9227bfc2f01993c03f68db37d1d15c9690188323c067c641f1a35ca58185f99"},
]

[package.extras]
cov = ["attrs[tests]", "coverage-enable-subprocess", "coverage[toml] (>=5.3)"]
dev = ["attrs[docs,tests]"]
docs = ["furo", "myst-parser", "sphinx", "sphinx-notfound-page", "sphinxcontrib-towncrier", "towncrier", "zope.interface"]
tests = ["attrs[tests-no-zope]", "zope.interface"]
tests-no-zope = ["cloudpickle", "cloudpickle", "hypothesis", "hypothesis", "mypy (>=0.971,<0.990)", "mypy (>=0.971,<0.990)", "pympler", "pympler", "pytest (>=4.3.0)", "pytest (>=4.3.0)", "pytest-mypy-plugins", "pytest-mypy-plugins", "pytest-xdist[psutil]", "pytest-xdist[psutil]"]

[[package]]
name = "black"
version = "22.12.0"
description = "The uncompromising code formatter."
category = "dev"
optional = false
python-versions = ">=3.7"
files = [
    {file = "black-22.12.0-cp310-cp310-manylinux_2_17_x86_64.manylinux2014_x86_64.whl", hash = "sha256:9eedd20838bd5d75b80c9f5487dbcb06836a43833a37846cf1d8c1cc01cef59d"},
    {file = "black-22.12.0-cp310-cp310-win_amd64.whl", hash = "sha256:159a46a4947f73387b4d83e87ea006dbb2337eab6c879620a3ba52699b1f4351"},
    {file = "black-22.12.0-cp311-cp311-manylinux_2_17_x86_64.manylinux2014_x86_64.whl", hash = "sha256:d30b212bffeb1e252b31dd269dfae69dd17e06d92b87ad26e23890f3efea366f"},
    {file = "black-22.12.0-cp311-cp311-win_amd64.whl", hash = "sha256:7412e75863aa5c5411886804678b7d083c7c28421210180d67dfd8cf1221e1f4"},
    {file = "black-22.12.0-cp37-cp37m-manylinux_2_17_x86_64.manylinux2014_x86_64.whl", hash = "sha256:c116eed0efb9ff870ded8b62fe9f28dd61ef6e9ddd28d83d7d264a38417dcee2"},
    {file = "black-22.12.0-cp37-cp37m-win_amd64.whl", hash = "sha256:1f58cbe16dfe8c12b7434e50ff889fa479072096d79f0a7f25e4ab8e94cd8350"},
    {file = "black-22.12.0-cp38-cp38-manylinux_2_17_x86_64.manylinux2014_x86_64.whl", hash = "sha256:77d86c9f3db9b1bf6761244bc0b3572a546f5fe37917a044e02f3166d5aafa7d"},
    {file = "black-22.12.0-cp38-cp38-win_amd64.whl", hash = "sha256:82d9fe8fee3401e02e79767016b4907820a7dc28d70d137eb397b92ef3cc5bfc"},
    {file = "black-22.12.0-cp39-cp39-manylinux_2_17_x86_64.manylinux2014_x86_64.whl", hash = "sha256:101c69b23df9b44247bd88e1d7e90154336ac4992502d4197bdac35dd7ee3320"},
    {file = "black-22.12.0-cp39-cp39-win_amd64.whl", hash = "sha256:559c7a1ba9a006226f09e4916060982fd27334ae1998e7a38b3f33a37f7a2148"},
    {file = "black-22.12.0-py3-none-any.whl", hash = "sha256:436cc9167dd28040ad90d3b404aec22cedf24a6e4d7de221bec2730ec0c97bcf"},
    {file = "black-22.12.0.tar.gz", hash = "sha256:229351e5a18ca30f447bf724d007f890f97e13af070bb6ad4c0a441cd7596a2f"},
]

[package.dependencies]
click = ">=8.0.0"
mypy-extensions = ">=0.4.3"
pathspec = ">=0.9.0"
platformdirs = ">=2"
tomli = {version = ">=1.1.0", markers = "python_full_version < \"3.11.0a7\""}
typing-extensions = {version = ">=3.10.0.0", markers = "python_version < \"3.10\""}

[package.extras]
colorama = ["colorama (>=0.4.3)"]
d = ["aiohttp (>=3.7.4)"]
jupyter = ["ipython (>=7.8.0)", "tokenize-rt (>=3.2.0)"]
uvloop = ["uvloop (>=0.15.2)"]

[[package]]
name = "certifi"
version = "2022.12.7"
description = "Python package for providing Mozilla's CA Bundle."
category = "main"
optional = false
python-versions = ">=3.6"
files = [
    {file = "certifi-2022.12.7-py3-none-any.whl", hash = "sha256:4ad3232f5e926d6718ec31cfc1fcadfde020920e278684144551c91769c7bc18"},
    {file = "certifi-2022.12.7.tar.gz", hash = "sha256:35824b4c3a97115964b408844d64aa14db1cc518f6562e8d7261699d1350a9e3"},
]

[[package]]
name = "click"
version = "8.1.3"
description = "Composable command line interface toolkit"
category = "dev"
optional = false
python-versions = ">=3.7"
files = [
    {file = "click-8.1.3-py3-none-any.whl", hash = "sha256:bb4d8133cb15a609f44e8213d9b391b0809795062913b383c62be0ee95b1db48"},
    {file = "click-8.1.3.tar.gz", hash = "sha256:7682dc8afb30297001674575ea00d1814d808d6a36af415a82bd481d37ba7b8e"},
]

[package.dependencies]
colorama = {version = "*", markers = "platform_system == \"Windows\""}

[[package]]
name = "colorama"
version = "0.4.6"
description = "Cross-platform colored terminal text."
category = "dev"
optional = false
python-versions = "!=3.0.*,!=3.1.*,!=3.2.*,!=3.3.*,!=3.4.*,!=3.5.*,!=3.6.*,>=2.7"
files = [
    {file = "colorama-0.4.6-py2.py3-none-any.whl", hash = "sha256:4f1d9991f5acc0ca119f9d443620b77f9d6b33703e51011c16baf57afb285fc6"},
    {file = "colorama-0.4.6.tar.gz", hash = "sha256:08695f5cb7ed6e0531a20572697297273c47b8cae5a63ffc6d6ed5c201be6e44"},
]

[[package]]
name = "csrspy"
version = "0.4.0"
description = "ITRF/NAD83CSRS coordinate transforms in Python"
category = "main"
optional = false
python-versions = ">=3.8,<4.0"
files = [
    {file = "csrspy-0.4.0-py3-none-any.whl", hash = "sha256:d2f6aa38842bc45ef03ca89650251a0643aa277cf54c99cb15fc04abe42c7145"},
    {file = "csrspy-0.4.0.tar.gz", hash = "sha256:f04858b4e07d5aceea4fa77cb2bebc6d9f88a457437b9322f0e671bd5840f3bf"},
]

[package.dependencies]
pyproj = ">=3.4.0,<4.0.0"

[[package]]
name = "exceptiongroup"
version = "1.1.0"
description = "Backport of PEP 654 (exception groups)"
category = "dev"
optional = false
python-versions = ">=3.7"
files = [
    {file = "exceptiongroup-1.1.0-py3-none-any.whl", hash = "sha256:327cbda3da756e2de031a3107b81ab7b3770a602c4d16ca618298c526f4bec1e"},
    {file = "exceptiongroup-1.1.0.tar.gz", hash = "sha256:bcb67d800a4497e1b404c2dd44fca47d3b7a5e5433dbab67f96c1a685cdfdf23"},
]

[package.extras]
test = ["pytest (>=6)"]

[[package]]
name = "future"
version = "0.18.2"
description = "Clean single-source support for Python 3 and 2"
category = "dev"
optional = false
python-versions = ">=2.6, !=3.0.*, !=3.1.*, !=3.2.*"
files = [
    {file = "future-0.18.2.tar.gz", hash = "sha256:b1bead90b70cf6ec3f0710ae53a525360fa360d306a86583adc6bf83a4db537d"},
]

[[package]]
name = "iniconfig"
version = "1.1.1"
description = "iniconfig: brain-dead simple config-ini parsing"
category = "dev"
optional = false
python-versions = "*"
files = [
    {file = "iniconfig-1.1.1-py2.py3-none-any.whl", hash = "sha256:011e24c64b7f47f6ebd835bb12a743f2fbe9a26d4cecaa7f53bc4f35ee9da8b3"},
    {file = "iniconfig-1.1.1.tar.gz", hash = "sha256:bc3af051d7d14b2ee5ef9969666def0cd1a000e121eaea580d4a313df4b37f32"},
]

[[package]]
name = "laspy"
version = "2.3.0"
description = "Native Python ASPRS LAS read/write library"
category = "main"
optional = false
python-versions = ">=3.7"
files = [
    {file = "laspy-2.3.0.tar.gz", hash = "sha256:59d6e9ea48ee664261fa9a7d39573376c44d827e35fd376dee7185bdec1c435c"},
]

[package.dependencies]
numpy = "*"

[package.extras]
dev = ["black (==22.3.0)", "m2r2", "nox", "pytest", "pytest-benchmark", "sphinx", "sphinx-rtd-theme"]
laszip = ["laszip (>=0.1.0,<0.2.0)"]
lazrs = ["lazrs (>=0.4.3,<0.5.0)"]
pyproj = ["pyproj"]

[[package]]
name = "laszip"
version = "0.1.0"
description = "Bindings for LASzip made with pybind11"
category = "main"
optional = false
python-versions = "*"
files = [
    {file = "laszip-0.1.0-cp310-cp310-macosx_10_14_x86_64.whl", hash = "sha256:d1c5a9d61f4351abe41a8570aabdf0579f1abac8ba8b147ccaa9b24ba18633ad"},
    {file = "laszip-0.1.0-cp310-cp310-manylinux_2_17_x86_64.manylinux2014_x86_64.whl", hash = "sha256:24758b1fca4ac56a33b0859902d7c8d756d50f69102b882fe41dc3934998c5ae"},
    {file = "laszip-0.1.0-cp310-cp310-win_amd64.whl", hash = "sha256:0b4af64abf8494199c4268e189d2d5cf0e412450f7e7e0a6e80ee2586eefbbe0"},
    {file = "laszip-0.1.0-cp311-cp311-macosx_10_14_universal2.whl", hash = "sha256:3a17e3dc4a67b487e08bf4581d1ba678537b841b5a9422d13b78b94c6b340eab"},
    {file = "laszip-0.1.0-cp311-cp311-manylinux_2_17_x86_64.manylinux2014_x86_64.whl", hash = "sha256:7d75f29b2eda44994a2a78638ce81f33183072ed1caa753c27b564e0ef61a50e"},
    {file = "laszip-0.1.0-cp311-cp311-win_amd64.whl", hash = "sha256:88d2a369b372a560297f7ded48fb0afc1892c1e9f544386f8d92217f52a0c580"},
    {file = "laszip-0.1.0-cp36-cp36m-macosx_10_15_x86_64.whl", hash = "sha256:797fb58416af25048630083a961a98f8a11697ebc9f84dad1b1b9d85bf54fc4b"},
    {file = "laszip-0.1.0-cp36-cp36m-manylinux_2_17_x86_64.manylinux2014_x86_64.whl", hash = "sha256:c35eb359104244727e2c93889ff4150e9aefc63bf43c80d06aaa72a657f28896"},
    {file = "laszip-0.1.0-cp36-cp36m-win_amd64.whl", hash = "sha256:e59dc09260bc73c6e12ae369181a3a08090dc126dc37e6ae2e6035fe8c04a6ac"},
    {file = "laszip-0.1.0-cp37-cp37m-macosx_10_15_x86_64.whl", hash = "sha256:b5b3fc9ac72748544ce79e5bc209735499f6df57aa41a0c28b8383a7f16f9e0a"},
    {file = "laszip-0.1.0-cp37-cp37m-manylinux_2_17_x86_64.manylinux2014_x86_64.whl", hash = "sha256:22955a9a75d829c27b0c78bfd0cbc0d8f590507181680beb03b78e498a8e88cd"},
    {file = "laszip-0.1.0-cp37-cp37m-win_amd64.whl", hash = "sha256:f522b1e30609e76093c2a60255402505a321fc31ce344a3cd35e577ded0add80"},
    {file = "laszip-0.1.0-cp38-cp38-macosx_10_15_x86_64.whl", hash = "sha256:b83eb9e1bee90521aecf21ce5259ef4ea96c683ee7638b51d179945e999db8b9"},
    {file = "laszip-0.1.0-cp38-cp38-manylinux_2_17_x86_64.manylinux2014_x86_64.whl", hash = "sha256:e5f3ae77a05e866f5048a63d0b17b3bfcc50ceedfcf74546571464dae940ed66"},
    {file = "laszip-0.1.0-cp38-cp38-win_amd64.whl", hash = "sha256:93d5650bf8abc75de52701d5ab7324fe584fe3986eb906559c50db5ab239fa46"},
    {file = "laszip-0.1.0-cp39-cp39-macosx_10_15_x86_64.whl", hash = "sha256:039477813e827ff537358288ce40bfcec985fb4d9fddc60b4b8902cdc5b4f3d1"},
    {file = "laszip-0.1.0-cp39-cp39-manylinux_2_17_x86_64.manylinux2014_x86_64.whl", hash = "sha256:1020c109556f6690471e8232010f57e2fd670b38a55ddf9b3133fd984b1e0486"},
    {file = "laszip-0.1.0-cp39-cp39-win_amd64.whl", hash = "sha256:a7c62c1854c9acd9d690fca1f7694b9c7e681cfe81506b0b46b89966ca2f9402"},
    {file = "laszip-0.1.0-pp37-pypy37_pp73-manylinux_2_17_x86_64.manylinux2014_x86_64.whl", hash = "sha256:4d7cb0ae943edebadc995dfea67bffbba4c2b12da9d2cf219c22b6e41b144b3f"},
]

[[package]]
name = "macholib"
version = "1.16.2"
description = "Mach-O header analysis and editing"
category = "dev"
optional = false
python-versions = "*"
files = [
    {file = "macholib-1.16.2-py2.py3-none-any.whl", hash = "sha256:44c40f2cd7d6726af8fa6fe22549178d3a4dfecc35a9cd15ea916d9c83a688e0"},
    {file = "macholib-1.16.2.tar.gz", hash = "sha256:557bbfa1bb255c20e9abafe7ed6cd8046b48d9525db2f9b77d3122a63a2a8bf8"},
]

[package.dependencies]
altgraph = ">=0.17"

[[package]]
name = "mypy-extensions"
version = "0.4.3"
description = "Experimental type system extensions for programs checked with the mypy typechecker."
category = "dev"
optional = false
python-versions = "*"
files = [
    {file = "mypy_extensions-0.4.3-py2.py3-none-any.whl", hash = "sha256:090fedd75945a69ae91ce1303b5824f428daf5a028d2f6ab8a299250a846f15d"},
    {file = "mypy_extensions-0.4.3.tar.gz", hash = "sha256:2d82818f5bb3e369420cb3c4060a7970edba416647068eb4c5343488a6c604a8"},
]

[[package]]
name = "numpy"
version = "1.24.1"
description = "Fundamental package for array computing in Python"
category = "main"
optional = false
python-versions = ">=3.8"
files = [
    {file = "numpy-1.24.1-cp310-cp310-macosx_10_9_x86_64.whl", hash = "sha256:179a7ef0889ab769cc03573b6217f54c8bd8e16cef80aad369e1e8185f994cd7"},
    {file = "numpy-1.24.1-cp310-cp310-macosx_11_0_arm64.whl", hash = "sha256:b09804ff570b907da323b3d762e74432fb07955701b17b08ff1b5ebaa8cfe6a9"},
    {file = "numpy-1.24.1-cp310-cp310-manylinux_2_17_aarch64.manylinux2014_aarch64.whl", hash = "sha256:f1b739841821968798947d3afcefd386fa56da0caf97722a5de53e07c4ccedc7"},
    {file = "numpy-1.24.1-cp310-cp310-manylinux_2_17_x86_64.manylinux2014_x86_64.whl", hash = "sha256:0e3463e6ac25313462e04aea3fb8a0a30fb906d5d300f58b3bc2c23da6a15398"},
    {file = "numpy-1.24.1-cp310-cp310-win32.whl", hash = "sha256:b31da69ed0c18be8b77bfce48d234e55d040793cebb25398e2a7d84199fbc7e2"},
    {file = "numpy-1.24.1-cp310-cp310-win_amd64.whl", hash = "sha256:b07b40f5fb4fa034120a5796288f24c1fe0e0580bbfff99897ba6267af42def2"},
    {file = "numpy-1.24.1-cp311-cp311-macosx_10_9_x86_64.whl", hash = "sha256:7094891dcf79ccc6bc2a1f30428fa5edb1e6fb955411ffff3401fb4ea93780a8"},
    {file = "numpy-1.24.1-cp311-cp311-macosx_11_0_arm64.whl", hash = "sha256:28e418681372520c992805bb723e29d69d6b7aa411065f48216d8329d02ba032"},
    {file = "numpy-1.24.1-cp311-cp311-manylinux_2_17_aarch64.manylinux2014_aarch64.whl", hash = "sha256:e274f0f6c7efd0d577744f52032fdd24344f11c5ae668fe8d01aac0422611df1"},
    {file = "numpy-1.24.1-cp311-cp311-manylinux_2_17_x86_64.manylinux2014_x86_64.whl", hash = "sha256:0044f7d944ee882400890f9ae955220d29b33d809a038923d88e4e01d652acd9"},
    {file = "numpy-1.24.1-cp311-cp311-win32.whl", hash = "sha256:442feb5e5bada8408e8fcd43f3360b78683ff12a4444670a7d9e9824c1817d36"},
    {file = "numpy-1.24.1-cp311-cp311-win_amd64.whl", hash = "sha256:de92efa737875329b052982e37bd4371d52cabf469f83e7b8be9bb7752d67e51"},
    {file = "numpy-1.24.1-cp38-cp38-macosx_10_9_x86_64.whl", hash = "sha256:b162ac10ca38850510caf8ea33f89edcb7b0bb0dfa5592d59909419986b72407"},
    {file = "numpy-1.24.1-cp38-cp38-macosx_11_0_arm64.whl", hash = "sha256:26089487086f2648944f17adaa1a97ca6aee57f513ba5f1c0b7ebdabbe2b9954"},
    {file = "numpy-1.24.1-cp38-cp38-manylinux_2_17_aarch64.manylinux2014_aarch64.whl", hash = "sha256:caf65a396c0d1f9809596be2e444e3bd4190d86d5c1ce21f5fc4be60a3bc5b36"},
    {file = "numpy-1.24.1-cp38-cp38-manylinux_2_17_x86_64.manylinux2014_x86_64.whl", hash = "sha256:b0677a52f5d896e84414761531947c7a330d1adc07c3a4372262f25d84af7bf7"},
    {file = "numpy-1.24.1-cp38-cp38-win32.whl", hash = "sha256:dae46bed2cb79a58d6496ff6d8da1e3b95ba09afeca2e277628171ca99b99db1"},
    {file = "numpy-1.24.1-cp38-cp38-win_amd64.whl", hash = "sha256:6ec0c021cd9fe732e5bab6401adea5a409214ca5592cd92a114f7067febcba0c"},
    {file = "numpy-1.24.1-cp39-cp39-macosx_10_9_x86_64.whl", hash = "sha256:28bc9750ae1f75264ee0f10561709b1462d450a4808cd97c013046073ae64ab6"},
    {file = "numpy-1.24.1-cp39-cp39-macosx_11_0_arm64.whl", hash = "sha256:84e789a085aabef2f36c0515f45e459f02f570c4b4c4c108ac1179c34d475ed7"},
    {file = "numpy-1.24.1-cp39-cp39-manylinux_2_17_aarch64.manylinux2014_aarch64.whl", hash = "sha256:8e669fbdcdd1e945691079c2cae335f3e3a56554e06bbd45d7609a6cf568c700"},
    {file = "numpy-1.24.1-cp39-cp39-manylinux_2_17_x86_64.manylinux2014_x86_64.whl", hash = "sha256:ef85cf1f693c88c1fd229ccd1055570cb41cdf4875873b7728b6301f12cd05bf"},
    {file = "numpy-1.24.1-cp39-cp39-win32.whl", hash = "sha256:87a118968fba001b248aac90e502c0b13606721b1343cdaddbc6e552e8dfb56f"},
    {file = "numpy-1.24.1-cp39-cp39-win_amd64.whl", hash = "sha256:ddc7ab52b322eb1e40521eb422c4e0a20716c271a306860979d450decbb51b8e"},
    {file = "numpy-1.24.1-pp38-pypy38_pp73-macosx_10_9_x86_64.whl", hash = "sha256:ed5fb71d79e771ec930566fae9c02626b939e37271ec285e9efaf1b5d4370e7d"},
    {file = "numpy-1.24.1-pp38-pypy38_pp73-manylinux_2_17_x86_64.manylinux2014_x86_64.whl", hash = "sha256:ad2925567f43643f51255220424c23d204024ed428afc5aad0f86f3ffc080086"},
    {file = "numpy-1.24.1-pp38-pypy38_pp73-win_amd64.whl", hash = "sha256:cfa1161c6ac8f92dea03d625c2d0c05e084668f4a06568b77a25a89111621566"},
    {file = "numpy-1.24.1.tar.gz", hash = "sha256:2386da9a471cc00a1f47845e27d916d5ec5346ae9696e01a8a34760858fe9dd2"},
]

[[package]]
name = "packaging"
version = "22.0"
description = "Core utilities for Python packages"
category = "dev"
optional = false
python-versions = ">=3.7"
files = [
    {file = "packaging-22.0-py3-none-any.whl", hash = "sha256:957e2148ba0e1a3b282772e791ef1d8083648bc131c8ab0c1feba110ce1146c3"},
    {file = "packaging-22.0.tar.gz", hash = "sha256:2198ec20bd4c017b8f9717e00f0c8714076fc2fd93816750ab48e2c41de2cfd3"},
]

[[package]]
name = "pathspec"
version = "0.10.3"
description = "Utility library for gitignore style pattern matching of file paths."
category = "dev"
optional = false
python-versions = ">=3.7"
files = [
    {file = "pathspec-0.10.3-py3-none-any.whl", hash = "sha256:3c95343af8b756205e2aba76e843ba9520a24dd84f68c22b9f93251507509dd6"},
    {file = "pathspec-0.10.3.tar.gz", hash = "sha256:56200de4077d9d0791465aa9095a01d421861e405b5096955051deefd697d6f6"},
]

[[package]]
name = "pefile"
version = "2022.5.30"
description = "Python PE parsing module"
category = "dev"
optional = false
python-versions = ">=3.6.0"
files = [
    {file = "pefile-2022.5.30.tar.gz", hash = "sha256:a5488a3dd1fd021ce33f969780b88fe0f7eebb76eb20996d7318f307612a045b"},
]

[package.dependencies]
future = "*"

[[package]]
name = "platformdirs"
version = "2.6.2"
description = "A small Python package for determining appropriate platform-specific dirs, e.g. a \"user data dir\"."
category = "dev"
optional = false
python-versions = ">=3.7"
files = [
    {file = "platformdirs-2.6.2-py3-none-any.whl", hash = "sha256:83c8f6d04389165de7c9b6f0c682439697887bca0aa2f1c87ef1826be3584490"},
    {file = "platformdirs-2.6.2.tar.gz", hash = "sha256:e1fea1fe471b9ff8332e229df3cb7de4f53eeea4998d3b6bfff542115e998bd2"},
]

[package.extras]
docs = ["furo (>=2022.12.7)", "proselint (>=0.13)", "sphinx (>=5.3)", "sphinx-autodoc-typehints (>=1.19.5)"]
test = ["appdirs (==1.4.4)", "covdefaults (>=2.2.2)", "pytest (>=7.2)", "pytest-cov (>=4)", "pytest-mock (>=3.10)"]

[[package]]
name = "pluggy"
version = "1.0.0"
description = "plugin and hook calling mechanisms for python"
category = "dev"
optional = false
python-versions = ">=3.6"
files = [
    {file = "pluggy-1.0.0-py2.py3-none-any.whl", hash = "sha256:74134bbf457f031a36d68416e1509f34bd5ccc019f0bcc952c7b909d06b37bd3"},
    {file = "pluggy-1.0.0.tar.gz", hash = "sha256:4224373bacce55f955a878bf9cfa763c1e360858e330072059e10bad68531159"},
]

[package.extras]
dev = ["pre-commit", "tox"]
testing = ["pytest", "pytest-benchmark"]

[[package]]
name = "pydantic"
version = "1.10.4"
description = "Data validation and settings management using python type hints"
category = "main"
optional = false
python-versions = ">=3.7"
files = [
    {file = "pydantic-1.10.4-cp310-cp310-macosx_10_9_x86_64.whl", hash = "sha256:b5635de53e6686fe7a44b5cf25fcc419a0d5e5c1a1efe73d49d48fe7586db854"},
    {file = "pydantic-1.10.4-cp310-cp310-macosx_11_0_arm64.whl", hash = "sha256:6dc1cc241440ed7ca9ab59d9929075445da6b7c94ced281b3dd4cfe6c8cff817"},
    {file = "pydantic-1.10.4-cp310-cp310-manylinux_2_17_x86_64.manylinux2014_x86_64.whl", hash = "sha256:51bdeb10d2db0f288e71d49c9cefa609bca271720ecd0c58009bd7504a0c464c"},
    {file = "pydantic-1.10.4-cp310-cp310-manylinux_2_5_i686.manylinux1_i686.manylinux_2_17_i686.manylinux2014_i686.whl", hash = "sha256:78cec42b95dbb500a1f7120bdf95c401f6abb616bbe8785ef09887306792e66e"},
    {file = "pydantic-1.10.4-cp310-cp310-musllinux_1_1_i686.whl", hash = "sha256:8775d4ef5e7299a2f4699501077a0defdaac5b6c4321173bcb0f3c496fbadf85"},
    {file = "pydantic-1.10.4-cp310-cp310-musllinux_1_1_x86_64.whl", hash = "sha256:572066051eeac73d23f95ba9a71349c42a3e05999d0ee1572b7860235b850cc6"},
    {file = "pydantic-1.10.4-cp310-cp310-win_amd64.whl", hash = "sha256:7feb6a2d401f4d6863050f58325b8d99c1e56f4512d98b11ac64ad1751dc647d"},
    {file = "pydantic-1.10.4-cp311-cp311-macosx_10_9_x86_64.whl", hash = "sha256:39f4a73e5342b25c2959529f07f026ef58147249f9b7431e1ba8414a36761f53"},
    {file = "pydantic-1.10.4-cp311-cp311-macosx_11_0_arm64.whl", hash = "sha256:983e720704431a6573d626b00662eb78a07148c9115129f9b4351091ec95ecc3"},
    {file = "pydantic-1.10.4-cp311-cp311-manylinux_2_17_x86_64.manylinux2014_x86_64.whl", hash = "sha256:75d52162fe6b2b55964fbb0af2ee58e99791a3138588c482572bb6087953113a"},
    {file = "pydantic-1.10.4-cp311-cp311-manylinux_2_5_i686.manylinux1_i686.manylinux_2_17_i686.manylinux2014_i686.whl", hash = "sha256:fdf8d759ef326962b4678d89e275ffc55b7ce59d917d9f72233762061fd04a2d"},
    {file = "pydantic-1.10.4-cp311-cp311-musllinux_1_1_i686.whl", hash = "sha256:05a81b006be15655b2a1bae5faa4280cf7c81d0e09fcb49b342ebf826abe5a72"},
    {file = "pydantic-1.10.4-cp311-cp311-musllinux_1_1_x86_64.whl", hash = "sha256:d88c4c0e5c5dfd05092a4b271282ef0588e5f4aaf345778056fc5259ba098857"},
    {file = "pydantic-1.10.4-cp311-cp311-win_amd64.whl", hash = "sha256:6a05a9db1ef5be0fe63e988f9617ca2551013f55000289c671f71ec16f4985e3"},
    {file = "pydantic-1.10.4-cp37-cp37m-macosx_10_9_x86_64.whl", hash = "sha256:887ca463c3bc47103c123bc06919c86720e80e1214aab79e9b779cda0ff92a00"},
    {file = "pydantic-1.10.4-cp37-cp37m-manylinux_2_17_x86_64.manylinux2014_x86_64.whl", hash = "sha256:fdf88ab63c3ee282c76d652fc86518aacb737ff35796023fae56a65ced1a5978"},
    {file = "pydantic-1.10.4-cp37-cp37m-manylinux_2_5_i686.manylinux1_i686.manylinux_2_17_i686.manylinux2014_i686.whl", hash = "sha256:a48f1953c4a1d9bd0b5167ac50da9a79f6072c63c4cef4cf2a3736994903583e"},
    {file = "pydantic-1.10.4-cp37-cp37m-musllinux_1_1_i686.whl", hash = "sha256:a9f2de23bec87ff306aef658384b02aa7c32389766af3c5dee9ce33e80222dfa"},
    {file = "pydantic-1.10.4-cp37-cp37m-musllinux_1_1_x86_64.whl", hash = "sha256:cd8702c5142afda03dc2b1ee6bc358b62b3735b2cce53fc77b31ca9f728e4bc8"},
    {file = "pydantic-1.10.4-cp37-cp37m-win_amd64.whl", hash = "sha256:6e7124d6855b2780611d9f5e1e145e86667eaa3bd9459192c8dc1a097f5e9903"},
    {file = "pydantic-1.10.4-cp38-cp38-macosx_10_9_x86_64.whl", hash = "sha256:0b53e1d41e97063d51a02821b80538053ee4608b9a181c1005441f1673c55423"},
    {file = "pydantic-1.10.4-cp38-cp38-macosx_11_0_arm64.whl", hash = "sha256:55b1625899acd33229c4352ce0ae54038529b412bd51c4915349b49ca575258f"},
    {file = "pydantic-1.10.4-cp38-cp38-manylinux_2_17_x86_64.manylinux2014_x86_64.whl", hash = "sha256:301d626a59edbe5dfb48fcae245896379a450d04baeed50ef40d8199f2733b06"},
    {file = "pydantic-1.10.4-cp38-cp38-manylinux_2_5_i686.manylinux1_i686.manylinux_2_17_i686.manylinux2014_i686.whl", hash = "sha256:b6f9d649892a6f54a39ed56b8dfd5e08b5f3be5f893da430bed76975f3735d15"},
    {file = "pydantic-1.10.4-cp38-cp38-musllinux_1_1_i686.whl", hash = "sha256:d7b5a3821225f5c43496c324b0d6875fde910a1c2933d726a743ce328fbb2a8c"},
    {file = "pydantic-1.10.4-cp38-cp38-musllinux_1_1_x86_64.whl", hash = "sha256:f2f7eb6273dd12472d7f218e1fef6f7c7c2f00ac2e1ecde4db8824c457300416"},
    {file = "pydantic-1.10.4-cp38-cp38-win_amd64.whl", hash = "sha256:4b05697738e7d2040696b0a66d9f0a10bec0efa1883ca75ee9e55baf511909d6"},
    {file = "pydantic-1.10.4-cp39-cp39-macosx_10_9_x86_64.whl", hash = "sha256:a9a6747cac06c2beb466064dda999a13176b23535e4c496c9d48e6406f92d42d"},
    {file = "pydantic-1.10.4-cp39-cp39-macosx_11_0_arm64.whl", hash = "sha256:eb992a1ef739cc7b543576337bebfc62c0e6567434e522e97291b251a41dad7f"},
    {file = "pydantic-1.10.4-cp39-cp39-manylinux_2_17_x86_64.manylinux2014_x86_64.whl", hash = "sha256:990406d226dea0e8f25f643b370224771878142155b879784ce89f633541a024"},
    {file = "pydantic-1.10.4-cp39-cp39-manylinux_2_5_i686.manylinux1_i686.manylinux_2_17_i686.manylinux2014_i686.whl", hash = "sha256:2e82a6d37a95e0b1b42b82ab340ada3963aea1317fd7f888bb6b9dfbf4fff57c"},
    {file = "pydantic-1.10.4-cp39-cp39-musllinux_1_1_i686.whl", hash = "sha256:9193d4f4ee8feca58bc56c8306bcb820f5c7905fd919e0750acdeeeef0615b28"},
    {file = "pydantic-1.10.4-cp39-cp39-musllinux_1_1_x86_64.whl", hash = "sha256:2b3ce5f16deb45c472dde1a0ee05619298c864a20cded09c4edd820e1454129f"},
    {file = "pydantic-1.10.4-cp39-cp39-win_amd64.whl", hash = "sha256:9cbdc268a62d9a98c56e2452d6c41c0263d64a2009aac69246486f01b4f594c4"},
    {file = "pydantic-1.10.4-py3-none-any.whl", hash = "sha256:4948f264678c703f3877d1c8877c4e3b2e12e549c57795107f08cf70c6ec7774"},
    {file = "pydantic-1.10.4.tar.gz", hash = "sha256:b9a3859f24eb4e097502a3be1fb4b2abb79b6103dd9e2e0edb70613a4459a648"},
]

[package.dependencies]
typing-extensions = ">=4.2.0"

[package.extras]
dotenv = ["python-dotenv (>=0.10.4)"]
email = ["email-validator (>=1.0.3)"]

[[package]]
name = "pyinstaller"
version = "5.7.0"
description = "PyInstaller bundles a Python application and all its dependencies into a single package."
category = "dev"
optional = false
python-versions = "<3.12,>=3.7"
files = [
    {file = "pyinstaller-5.7.0-py3-none-macosx_10_13_universal2.whl", hash = "sha256:b967ae71ab7b05e18608dbb4518da5afa54f0835927cb7a5ce52ab8fffed03b6"},
    {file = "pyinstaller-5.7.0-py3-none-manylinux2014_aarch64.whl", hash = "sha256:3180b9bf22263380adc5e2ee051b7c21463292877215bbe70c9155dc76f4b966"},
    {file = "pyinstaller-5.7.0-py3-none-manylinux2014_i686.whl", hash = "sha256:0f80e2403e76630ad3392c71f09c1a4284e8d8a8a99fb55ff3a0aba0e06300ed"},
    {file = "pyinstaller-5.7.0-py3-none-manylinux2014_ppc64le.whl", hash = "sha256:2c1dd9d11cfc48bab61eeb06de69a3d1ad742bbb2ef14716965ca0333dd43a5b"},
    {file = "pyinstaller-5.7.0-py3-none-manylinux2014_s390x.whl", hash = "sha256:dfc12e92fe10ae645dd0dd1fcfa4cd7677b2e96119e3cd4980d742e09bb78925"},
    {file = "pyinstaller-5.7.0-py3-none-manylinux2014_x86_64.whl", hash = "sha256:f35f06d48faea0ad738429c009941059beebaa306e9d9ead95f1df4b441de2aa"},
    {file = "pyinstaller-5.7.0-py3-none-musllinux_1_1_aarch64.whl", hash = "sha256:28a8a0da656493aa32d9665e2f6f84775da0f23174859ed8facaa4226fe77a17"},
    {file = "pyinstaller-5.7.0-py3-none-musllinux_1_1_x86_64.whl", hash = "sha256:1ac3f09b838710c43e34b0a7ad003bd168a754b0b786c561b47baf1af9104354"},
    {file = "pyinstaller-5.7.0-py3-none-win32.whl", hash = "sha256:9cdb8ee8622ee8d2c6cd67f001b610019d4371a8bf3f7850562640ce786894d7"},
    {file = "pyinstaller-5.7.0-py3-none-win_amd64.whl", hash = "sha256:9b47c10fbefac6f6493266f8b1689109b2b14efa9142dbd2cd7549226a4568b7"},
    {file = "pyinstaller-5.7.0-py3-none-win_arm64.whl", hash = "sha256:3e51e18a16dec0414079762843cf892a5d70749ad56ca7b3c7b5f8367dc50b1e"},
    {file = "pyinstaller-5.7.0.tar.gz", hash = "sha256:0e5953937d35f0b37543cc6915dacaf3239bcbdf3fd3ecbb7866645468a16775"},
]

[package.dependencies]
altgraph = "*"
macholib = {version = ">=1.8", markers = "sys_platform == \"darwin\""}
pefile = {version = ">=2022.5.30", markers = "sys_platform == \"win32\""}
pyinstaller-hooks-contrib = ">=2021.4"
pywin32-ctypes = {version = ">=0.2.0", markers = "sys_platform == \"win32\""}
setuptools = ">=42.0.0"

[package.extras]
encryption = ["tinyaes (>=1.0.0)"]
hook-testing = ["execnet (>=1.5.0)", "psutil", "pytest (>=2.7.3)"]

[[package]]
name = "pyinstaller-hooks-contrib"
version = "2022.14"
description = "Community maintained hooks for PyInstaller"
category = "dev"
optional = false
python-versions = ">=3.7"
files = [
    {file = "pyinstaller-hooks-contrib-2022.14.tar.gz", hash = "sha256:5ae8da3a92cf20e37b3e00604d0c3468896e7d746e5c1449473597a724331b0b"},
    {file = "pyinstaller_hooks_contrib-2022.14-py2.py3-none-any.whl", hash = "sha256:1a125838a22d7b35a18993c6e56d3c5cc3ad7da00954f95bc5606523939203f2"},
]

[[package]]
name = "pyproj"
version = "3.4.1"
description = "Python interface to PROJ (cartographic projections and coordinate transformations library)"
category = "main"
optional = false
python-versions = ">=3.8"
files = [
    {file = "pyproj-3.4.1-cp310-cp310-macosx_10_9_x86_64.whl", hash = "sha256:e463c687007861a9949909211986850cfc2e72930deda0d06449ef2e315db534"},
    {file = "pyproj-3.4.1-cp310-cp310-macosx_11_0_arm64.whl", hash = "sha256:2f87f16b902c8b2af007295c63a435f043db9e40bd45e6f96962c7b8cd08fdb5"},
    {file = "pyproj-3.4.1-cp310-cp310-manylinux_2_17_aarch64.manylinux2014_aarch64.whl", hash = "sha256:c60d112d8f1621a606b7f2adb0b1582f80498e663413d2ba9f5df1c93d99f432"},
    {file = "pyproj-3.4.1-cp310-cp310-manylinux_2_17_i686.manylinux2014_i686.whl", hash = "sha256:f38dea459e22e86326b1c7d47718a3e10c7a27910cf5eb86ea2679b8084d0c4e"},
    {file = "pyproj-3.4.1-cp310-cp310-manylinux_2_17_x86_64.manylinux2014_x86_64.whl", hash = "sha256:5a53acbde511a7a9e1873c7f93c68f35b8c3653467b77195fe18e847555dcb7a"},
    {file = "pyproj-3.4.1-cp310-cp310-win32.whl", hash = "sha256:0c7b32382ae22a9bf5b690d24c7b4c0fb89ba313c3a91ef1a8c54b50baf10954"},
    {file = "pyproj-3.4.1-cp310-cp310-win_amd64.whl", hash = "sha256:6bdac3bc1899fcc4021be06d303b342923fb8311fe06f8d862c348a1a0e78b41"},
    {file = "pyproj-3.4.1-cp311-cp311-macosx_10_9_x86_64.whl", hash = "sha256:cd9f9c409f465834988ce0aa8c1ed496081c6957f2e5ef40ed28de04397d3c0b"},
    {file = "pyproj-3.4.1-cp311-cp311-macosx_11_0_arm64.whl", hash = "sha256:0406f64ff59eb3342efb102c9f31536430aa5cde5ef0bfabd5aaccb73dd8cd5a"},
    {file = "pyproj-3.4.1-cp311-cp311-manylinux_2_17_aarch64.manylinux2014_aarch64.whl", hash = "sha256:a98fe3e53be428e67ae6a9ee9affff92346622e0e3ea0cbc15dce939b318d395"},
    {file = "pyproj-3.4.1-cp311-cp311-manylinux_2_17_i686.manylinux2014_i686.whl", hash = "sha256:0189fdd7aa789542a7a623010dfff066c5849b24397f81f860ec3ee085cbf55c"},
    {file = "pyproj-3.4.1-cp311-cp311-manylinux_2_17_x86_64.manylinux2014_x86_64.whl", hash = "sha256:5f3f75b030cf811f040c90a8758a20115e8746063e4cad0d0e941a4954d1219b"},
    {file = "pyproj-3.4.1-cp311-cp311-win32.whl", hash = "sha256:ef8c30c62fe4e386e523e14e1e83bd460f745bd2c8dfd0d0c327f9460c4d3c0c"},
    {file = "pyproj-3.4.1-cp311-cp311-win_amd64.whl", hash = "sha256:2d1e7f42da205e0534831ae9aa9cee0353ab8c1aab2c369474adbb060294d98a"},
    {file = "pyproj-3.4.1-cp38-cp38-macosx_10_9_x86_64.whl", hash = "sha256:a5eada965e8ac24e783f2493d1d9bcd11c5c93959bd43558224dd31d9faebd1c"},
    {file = "pyproj-3.4.1-cp38-cp38-macosx_11_0_arm64.whl", hash = "sha256:19f5de1a7c3b81b676d846350d4bdf2ae6af13b9a450d1881706f088ecad0e2c"},
    {file = "pyproj-3.4.1-cp38-cp38-manylinux_2_17_aarch64.manylinux2014_aarch64.whl", hash = "sha256:57ec7d2b7f2773d877927abc72e2229ef8530c09181be0e28217742bae1bc4f5"},
    {file = "pyproj-3.4.1-cp38-cp38-manylinux_2_17_i686.manylinux2014_i686.whl", hash = "sha256:a30d78e619dae5cd1bb69addae2f1e5f8ee1b4a8ab4f3d954e9eaf41948db506"},
    {file = "pyproj-3.4.1-cp38-cp38-manylinux_2_17_x86_64.manylinux2014_x86_64.whl", hash = "sha256:a32e1d12340ad93232b7ea4dc1a4f4b21fa9fa9efa4b293adad45be7af6b51ec"},
    {file = "pyproj-3.4.1-cp38-cp38-win32.whl", hash = "sha256:ce50126dad7cd4749ab86fc4c8b54ec0898149ce6710ab5c93c76a54a4afa249"},
    {file = "pyproj-3.4.1-cp38-cp38-win_amd64.whl", hash = "sha256:129234afa179c8293b010ea4f73655ff7b20b5afdf7fac170f223bcf0ed6defd"},
    {file = "pyproj-3.4.1-cp39-cp39-macosx_10_9_x86_64.whl", hash = "sha256:231c038c6b65395c41ae3362320f03ce8054cb54dc63556e605695e5d461a27e"},
    {file = "pyproj-3.4.1-cp39-cp39-macosx_11_0_arm64.whl", hash = "sha256:e9d82df555cf19001bac40e1de0e40fb762dec785685b77edd6993286c01b7f7"},
    {file = "pyproj-3.4.1-cp39-cp39-manylinux_2_17_aarch64.manylinux2014_aarch64.whl", hash = "sha256:e8c0d1ac9ef5a4d2e6501a4b30136c55f1e1db049d1626cc313855c4f97d196d"},
    {file = "pyproj-3.4.1-cp39-cp39-manylinux_2_17_i686.manylinux2014_i686.whl", hash = "sha256:97065fe82e80f7e2740e7897a0e36e8defc0a3614927f0276b4f1d1ea1ef66fa"},
    {file = "pyproj-3.4.1-cp39-cp39-manylinux_2_17_x86_64.manylinux2014_x86_64.whl", hash = "sha256:2bd633f3b8ca6eb09135dfaf06f09e2869deb139985aab26d728e8a60c9938b9"},
    {file = "pyproj-3.4.1-cp39-cp39-win32.whl", hash = "sha256:da96319b137cfd66f0bae0e300cdc77dd17af4785b9360a9bdddb1d7176a0bbb"},
    {file = "pyproj-3.4.1-cp39-cp39-win_amd64.whl", hash = "sha256:7aef19d5a0a3b2d6b17f7dc9a87af722e71139cd1eea7eb82ed062a8a4b0e272"},
    {file = "pyproj-3.4.1-pp38-pypy38_pp73-macosx_10_9_x86_64.whl", hash = "sha256:8078c90cea07d53e3406c7c84cbf76a2ac0ffc580c365f13801575486b9d558c"},
    {file = "pyproj-3.4.1-pp38-pypy38_pp73-manylinux_2_17_i686.manylinux2014_i686.whl", hash = "sha256:321b82210dc5271558573d0874b9967c5a25872a28d0168049ddabe8bfecffce"},
    {file = "pyproj-3.4.1-pp38-pypy38_pp73-manylinux_2_17_x86_64.manylinux2014_x86_64.whl", hash = "sha256:25a5425cd2a0b16f5f944d49165196eebaa60b898a08c404a644c29e6a7a04b3"},
    {file = "pyproj-3.4.1-pp39-pypy39_pp73-macosx_10_9_x86_64.whl", hash = "sha256:3d70ca5933cddbe6f51396006fb9fc78bc2b1f9d28775922453c4b04625a7efb"},
    {file = "pyproj-3.4.1-pp39-pypy39_pp73-manylinux_2_17_i686.manylinux2014_i686.whl", hash = "sha256:c240fe6bcb5c325b50fc967d5458d708412633f4f05fefc7fb14c14254ebf421"},
    {file = "pyproj-3.4.1-pp39-pypy39_pp73-manylinux_2_17_x86_64.manylinux2014_x86_64.whl", hash = "sha256:ef76abfee1a0676ef973470abe11e22998750f2bd944afaf76d44ad70b538c06"},
    {file = "pyproj-3.4.1.tar.gz", hash = "sha256:261eb29b1d55b1eb7f336127344d9b31284d950a9446d1e0d1c2411f7dd8e3ac"},
]

[package.dependencies]
certifi = "*"

[[package]]
name = "pyqt6"
version = "6.4.0"
description = "Python bindings for the Qt cross platform application toolkit"
category = "main"
optional = false
python-versions = ">=3.6.1"
files = [
    {file = "PyQt6-6.4.0-cp37-abi3-macosx_10_14_universal2.whl", hash = "sha256:8e614cc4b95dec8bec8ba3c3eaf821058b45862e66d69a8c4fb5576123f2be98"},
    {file = "PyQt6-6.4.0-cp37-abi3-manylinux_2_28_x86_64.whl", hash = "sha256:79d093ce97010eac92e83a4e8efe231328af9ec757ba78c77e46ca1e007eca0d"},
    {file = "PyQt6-6.4.0-cp37-abi3-win_amd64.whl", hash = "sha256:37e399420866fff5c5bd49f56710dffd3a7a126afc6612b877d666f381bd554f"},
    {file = "PyQt6-6.4.0.tar.gz", hash = "sha256:91392469be1f491905fa9e78fa4e4059a89ab616ddf2ecfd525bc1d65c26bb93"},
]

[package.dependencies]
PyQt6-Qt6 = ">=6.4.0"
PyQt6-sip = ">=13.4,<14"

[[package]]
name = "pyqt6-qt6"
version = "6.4.1"
description = "The subset of a Qt installation needed by PyQt6."
category = "main"
optional = false
python-versions = "*"
files = [
    {file = "PyQt6_Qt6-6.4.1-py3-none-macosx_10_14_x86_64.whl", hash = "sha256:b47087932f10cc39dab63cd0d2d23d7e3e204547c5e6559adfe58d665fa8ee4f"},
    {file = "PyQt6_Qt6-6.4.1-py3-none-macosx_11_0_arm64.whl", hash = "sha256:0de4aebdc469c61a36d43b868f4b45d89bb94aaf13779ed5c0080da4b416997c"},
    {file = "PyQt6_Qt6-6.4.1-py3-none-manylinux_2_28_x86_64.whl", hash = "sha256:791e9f0115bdc9ff22bf807b573393f2b9f7e2d1f07fc2d8351350ca141ebaf1"},
    {file = "PyQt6_Qt6-6.4.1-py3-none-win_amd64.whl", hash = "sha256:31a4557fed53e96feedae46624e420bafd261c0c01d92a1a1aad2c1646144f56"},
]

[[package]]
name = "pyqt6-sip"
version = "13.4.0"
description = "The sip module support for PyQt6"
category = "main"
optional = false
python-versions = ">=3.7"
files = [
    {file = "PyQt6_sip-13.4.0-cp310-cp310-macosx_10_9_universal2.whl", hash = "sha256:3ac7e0800180202dcc0c7035ff88c2a6f4a0f5acb20c4a19f71d807d0f7857b7"},
    {file = "PyQt6_sip-13.4.0-cp310-cp310-manylinux1_x86_64.whl", hash = "sha256:bb4f2e2fdcf3a8dafe4256750bbedd9e7107c4fd8afa9c25be28423c36bb12b8"},
    {file = "PyQt6_sip-13.4.0-cp310-cp310-win_amd64.whl", hash = "sha256:de601187055d684b36ebe6e800a5deacaa55b69d71ad43312b76422cfeae0e12"},
    {file = "PyQt6_sip-13.4.0-cp311-cp311-macosx_10_9_universal2.whl", hash = "sha256:e3b17308ca729bcb6d25c01144c6b2e17d40812231c3ef9caaa72a78db2b1069"},
    {file = "PyQt6_sip-13.4.0-cp311-cp311-manylinux_2_5_x86_64.manylinux1_x86_64.whl", hash = "sha256:d51704d50b82713fd7c928b7deb31e17be239ddac74fc2fd708e52bd21ecea3a"},
    {file = "PyQt6_sip-13.4.0-cp311-cp311-win_amd64.whl", hash = "sha256:77af9c7e3f50414ec5af9b1534aaf2ba25115ae65aa5ed735111c8ef0884b862"},
    {file = "PyQt6_sip-13.4.0-cp37-cp37m-macosx_10_9_x86_64.whl", hash = "sha256:83b446d247a92d119d507dbc94fc1f47389d8118a5b6232a2859951157319a30"},
    {file = "PyQt6_sip-13.4.0-cp37-cp37m-manylinux1_x86_64.whl", hash = "sha256:802b0cfed19900183220c46895c2635f0dd062f2d275a25506423f911ef74db4"},
    {file = "PyQt6_sip-13.4.0-cp37-cp37m-win_amd64.whl", hash = "sha256:2694ae67811cefb6ea3ee0e9995755b45e4952f4dcadec8c04300fd828f91c75"},
    {file = "PyQt6_sip-13.4.0-cp38-cp38-macosx_10_9_x86_64.whl", hash = "sha256:9e03c780846fd5d71c06e33322fd11a05713d9cd410e3571d069ac9a84077647"},
    {file = "PyQt6_sip-13.4.0-cp38-cp38-manylinux1_x86_64.whl", hash = "sha256:9c5231536e6153071b22175e46e368045fd08d772a90d772a0977d1166c7822c"},
    {file = "PyQt6_sip-13.4.0-cp38-cp38-win_amd64.whl", hash = "sha256:cfdcd43e123bd55c155cfe7a33895033e6d25de90a48ed9c25a0ddd0196a810e"},
    {file = "PyQt6_sip-13.4.0-cp39-cp39-macosx_10_9_universal2.whl", hash = "sha256:3de18c4a32f717a351d560a39f528af24077f5135aacfa8890a2f2d79f0633da"},
    {file = "PyQt6_sip-13.4.0-cp39-cp39-manylinux1_x86_64.whl", hash = "sha256:fd2df2a9479b8ac858117bd55dc0ec0bd1ce6c8f3486b0cc5e860c0540a8bba0"},
    {file = "PyQt6_sip-13.4.0-cp39-cp39-win_amd64.whl", hash = "sha256:3486914137f5336cff6e10a5e9d52c1e60ff883473938b45f267f794daeacb2f"},
    {file = "PyQt6_sip-13.4.0.tar.gz", hash = "sha256:6d87a3ee5872d7511b76957d68a32109352caf3b7a42a01d9ee20032b350d979"},
]

[[package]]
name = "pytest"
version = "7.2.0"
description = "pytest: simple powerful testing with Python"
category = "dev"
optional = false
python-versions = ">=3.7"
files = [
    {file = "pytest-7.2.0-py3-none-any.whl", hash = "sha256:892f933d339f068883b6fd5a459f03d85bfcb355e4981e146d2c7616c21fef71"},
    {file = "pytest-7.2.0.tar.gz", hash = "sha256:c4014eb40e10f11f355ad4e3c2fb2c6c6d1919c73f3b5a433de4708202cade59"},
]

[package.dependencies]
attrs = ">=19.2.0"
colorama = {version = "*", markers = "sys_platform == \"win32\""}
exceptiongroup = {version = ">=1.0.0rc8", markers = "python_version < \"3.11\""}
iniconfig = "*"
packaging = "*"
pluggy = ">=0.12,<2.0"
tomli = {version = ">=1.0.0", markers = "python_version < \"3.11\""}

[package.extras]
testing = ["argcomplete", "hypothesis (>=3.56)", "mock", "nose", "pygments (>=2.7.2)", "requests", "xmlschema"]

[[package]]
name = "pywin32-ctypes"
version = "0.2.0"
description = ""
category = "dev"
optional = false
python-versions = "*"
files = [
    {file = "pywin32-ctypes-0.2.0.tar.gz", hash = "sha256:24ffc3b341d457d48e8922352130cf2644024a4ff09762a2261fd34c36ee5942"},
    {file = "pywin32_ctypes-0.2.0-py2.py3-none-any.whl", hash = "sha256:9dc2d991b3479cc2df15930958b674a48a227d5361d413827a4cfd0b5876fc98"},
]

[[package]]
name = "ruff"
version = "0.0.210"
description = "An extremely fast Python linter, written in Rust."
category = "dev"
optional = false
python-versions = ">=3.7"
files = [
    {file = "ruff-0.0.210-py3-none-macosx_10_7_x86_64.whl", hash = "sha256:00c6af7a51f67bc58de0928fe0dc77f3f62a9297ebca4dd514c3abffda3cdfac"},
    {file = "ruff-0.0.210-py3-none-macosx_10_9_x86_64.macosx_11_0_arm64.macosx_10_9_universal2.whl", hash = "sha256:f8243c011ced5e54b894dd8d1c1b67ff2fc022f190d20c45c7bf3e9a36d0edfe"},
    {file = "ruff-0.0.210-py3-none-manylinux_2_17_aarch64.manylinux2014_aarch64.whl", hash = "sha256:2bc5eecd1101a2a7f7d783fafb02d6bdb0fd054ac9bf8029d5c6cee3cb3d00ef"},
    {file = "ruff-0.0.210-py3-none-manylinux_2_17_armv7l.manylinux2014_armv7l.whl", hash = "sha256:163b296253d4d093f04e0fa6e32d721baebeb855d8d91679fde108d60ba85b88"},
    {file = "ruff-0.0.210-py3-none-manylinux_2_17_i686.manylinux2014_i686.whl", hash = "sha256:c1d578415e86282d80f2c19bd2b4945b8fdc9aae313622f3e4bde370d0b46ca7"},
    {file = "ruff-0.0.210-py3-none-manylinux_2_17_ppc64.manylinux2014_ppc64.whl", hash = "sha256:7644459a0550e68340e4988c8458ea5f8365c6c0a1437af02dd05e5606ca2d86"},
    {file = "ruff-0.0.210-py3-none-manylinux_2_17_ppc64le.manylinux2014_ppc64le.whl", hash = "sha256:3c3ebaac25dfc24becaa3046b168685ec8b3ba9dbe7dde232511ff6d6b9f18bd"},
    {file = "ruff-0.0.210-py3-none-manylinux_2_17_s390x.manylinux2014_s390x.whl", hash = "sha256:1b5dbad011c31e3472d771c3dae628efa9dd987304b771334534351d7256db86"},
    {file = "ruff-0.0.210-py3-none-manylinux_2_17_x86_64.manylinux2014_x86_64.whl", hash = "sha256:928ff0eb7e5026d8c7b2bbf099961e78584602955153c1c544f2c4ebaad43499"},
    {file = "ruff-0.0.210-py3-none-musllinux_1_2_aarch64.whl", hash = "sha256:83c173fa584ae9252c2fa244e1509dac04cb0dd688d3c31ce7494e70864c469f"},
    {file = "ruff-0.0.210-py3-none-musllinux_1_2_armv7l.whl", hash = "sha256:13e032eaf4964e1ac5dd9b9d05a30cb330067256e8a89638ad6d41ddfea528fb"},
    {file = "ruff-0.0.210-py3-none-musllinux_1_2_i686.whl", hash = "sha256:37cc5f47655ab9d389146bed59c3c7ea6481e1db945a0eb06a582f23ea51b6b1"},
    {file = "ruff-0.0.210-py3-none-musllinux_1_2_x86_64.whl", hash = "sha256:51198b81d702ef0d4d880d454b183c7372be76f5d5e08abf9b15bd54f971bc53"},
    {file = "ruff-0.0.210-py3-none-win32.whl", hash = "sha256:e4dc8472cb73cdb1cc06814ffd964e187d2679f055eefc286fde080f5297dc9b"},
    {file = "ruff-0.0.210-py3-none-win_amd64.whl", hash = "sha256:26021f8a51d314342db40bcf5995233187d54ae205b7e8429b1601f6dde220fc"},
    {file = "ruff-0.0.210.tar.gz", hash = "sha256:7b9ba7294d79e768bbd463da5ebb87026353f08841654ec458aa033decfc86ff"},
]

[[package]]
name = "setuptools"
version = "65.6.3"
description = "Easily download, build, install, upgrade, and uninstall Python packages"
category = "dev"
optional = false
python-versions = ">=3.7"
files = [
    {file = "setuptools-65.6.3-py3-none-any.whl", hash = "sha256:57f6f22bde4e042978bcd50176fdb381d7c21a9efa4041202288d3737a0c6a54"},
    {file = "setuptools-65.6.3.tar.gz", hash = "sha256:a7620757bf984b58deaf32fc8a4577a9bbc0850cf92c20e1ce41c38c19e5fb75"},
]

[package.extras]
docs = ["furo", "jaraco.packaging (>=9)", "jaraco.tidelift (>=1.4)", "pygments-github-lexers (==0.0.5)", "rst.linker (>=1.9)", "sphinx (>=3.5)", "sphinx-favicon", "sphinx-hoverxref (<2)", "sphinx-inline-tabs", "sphinx-notfound-page (==0.8.3)", "sphinx-reredirects", "sphinxcontrib-towncrier"]
testing = ["build[virtualenv]", "filelock (>=3.4.0)", "flake8 (<5)", "flake8-2020", "ini2toml[lite] (>=0.9)", "jaraco.envs (>=2.2)", "jaraco.path (>=3.2.0)", "pip (>=19.1)", "pip-run (>=8.8)", "pytest (>=6)", "pytest-black (>=0.3.7)", "pytest-checkdocs (>=2.4)", "pytest-cov", "pytest-enabler (>=1.3)", "pytest-flake8", "pytest-mypy (>=0.9.1)", "pytest-perf", "pytest-timeout", "pytest-xdist", "tomli-w (>=1.0.0)", "virtualenv (>=13.0.0)", "wheel"]
testing-integration = ["build[virtualenv]", "filelock (>=3.4.0)", "jaraco.envs (>=2.2)", "jaraco.path (>=3.2.0)", "pytest", "pytest-enabler", "pytest-xdist", "tomli", "virtualenv (>=13.0.0)", "wheel"]

[[package]]
name = "tomli"
version = "2.0.1"
description = "A lil' TOML parser"
category = "dev"
optional = false
python-versions = ">=3.7"
files = [
    {file = "tomli-2.0.1-py3-none-any.whl", hash = "sha256:939de3e7a6161af0c887ef91b7d41a53e7c5a1ca976325f429cb46ea9bc30ecc"},
    {file = "tomli-2.0.1.tar.gz", hash = "sha256:de526c12914f0c550d15924c62d72abc48d6fe7364aa87328337a31007fe8a4f"},
]

[[package]]
name = "typing-extensions"
version = "4.4.0"
description = "Backported and Experimental Type Hints for Python 3.7+"
category = "main"
optional = false
python-versions = ">=3.7"
files = [
    {file = "typing_extensions-4.4.0-py3-none-any.whl", hash = "sha256:16fa4864408f655d35ec496218b85f79b3437c829e93320c7c9215ccfd92489e"},
    {file = "typing_extensions-4.4.0.tar.gz", hash = "sha256:1511434bb92bf8dd198c12b1cc812e800d4181cfcb867674e0f8279cc93087aa"},
]

[metadata]
lock-version = "2.0"
python-versions = "^3.9,<3.11"
content-hash = "501ad24c0883c194e036d5fcce1317eef75edabee8441e0ab96731330646815f"
